
Microsoft Visual Studio Solution File, Format Version 12.00
# Visual Studio Version 16
VisualStudioVersion = 16.0.31321.278
MinimumVisualStudioVersion = 10.0.40219.1
Project("{FAE04EC0-301F-11D3-BF4B-00C04F79EFBC}") = "DatabaseFirst", "DatabaseFirst\DatabaseFirst.csproj", "{F4A49228-BBAE-4D21-B9A2-F9E2EC6102B3}"
EndProject
Global
	GlobalSection(SolutionConfigurationPlatforms) = preSolution
		Debug|Any CPU = Debug|Any CPU
		Release|Any CPU = Release|Any CPU
	EndGlobalSection
	GlobalSection(ProjectConfigurationPlatforms) = postSolution
		{F4A49228-BBAE-4D21-B9A2-F9E2EC6102B3}.Debug|Any CPU.ActiveCfg = Debug|Any CPU
		{F4A49228-BBAE-4D21-B9A2-F9E2EC6102B3}.Debug|Any CPU.Build.0 = Debug|Any CPU
		{F4A49228-BBAE-4D21-B9A2-F9E2EC6102B3}.Release|Any CPU.ActiveCfg = Release|Any CPU
		{F4A49228-BBAE-4D21-B9A2-F9E2EC6102B3}.Release|Any CPU.Build.0 = Release|Any CPU
	EndGlobalSection
	GlobalSection(SolutionProperties) = preSolution
		HideSolutionNode = FALSE
	EndGlobalSection
	GlobalSection(ExtensibilityGlobals) = postSolution
		SolutionGuid = {E436AC77-8DC5-4140-B561-4B559771D4C2}
	EndGlobalSection
EndGlobal
